// !$*UTF8*$!
{
	archiveVersion = 1;
	classes = {
	};
	objectVersion = 46;
	objects = {

/* Begin PBXBuildFile section */
		78434FCA1E55FDE300B5B355 /* main.m in Sources */ = {isa = PBXBuildFile; fileRef = 78434FC91E55FDE300B5B355 /* main.m */; };
		78434FCD1E55FDE300B5B355 /* AppDelegate.m in Sources */ = {isa = PBXBuildFile; fileRef = 78434FCC1E55FDE300B5B355 /* AppDelegate.m */; };
		78434FD61E55FDE300B5B355 /* FacebookClient.xcdatamodeld in Sources */ = {isa = PBXBuildFile; fileRef = 78434FD41E55FDE300B5B355 /* FacebookClient.xcdatamodeld */; };
		78434FD81E55FDE300B5B355 /* Assets.xcassets in Resources */ = {isa = PBXBuildFile; fileRef = 78434FD71E55FDE300B5B355 /* Assets.xcassets */; };
		78434FE61E55FDE300B5B355 /* FacebookClientTests.m in Sources */ = {isa = PBXBuildFile; fileRef = 78434FE51E55FDE300B5B355 /* FacebookClientTests.m */; };
		78434FF11E55FDE400B5B355 /* FacebookClientUITests.m in Sources */ = {isa = PBXBuildFile; fileRef = 78434FF01E55FDE400B5B355 /* FacebookClientUITests.m */; };
		78456FD31E58F78E00B2C9C6 /* MapViewController.m in Sources */ = {isa = PBXBuildFile; fileRef = 78456FD11E58F78E00B2C9C6 /* MapViewController.m */; };
		78456FD41E58F78E00B2C9C6 /* MapViewController.xib in Resources */ = {isa = PBXBuildFile; fileRef = 78456FD21E58F78E00B2C9C6 /* MapViewController.xib */; };
		784B287C1E57198D002B7CDB /* FacebookFrameworks in Resources */ = {isa = PBXBuildFile; fileRef = 784B287B1E57198D002B7CDB /* FacebookFrameworks */; };
		784B28831E572A88002B7CDB /* FBSDKCoreKit.framework in Frameworks */ = {isa = PBXBuildFile; fileRef = 784B287F1E572A88002B7CDB /* FBSDKCoreKit.framework */; };
		784B28841E572A88002B7CDB /* FBSDKLoginKit.framework in Frameworks */ = {isa = PBXBuildFile; fileRef = 784B28801E572A88002B7CDB /* FBSDKLoginKit.framework */; };
		784B28851E572A88002B7CDB /* FBSDKShareKit.framework in Frameworks */ = {isa = PBXBuildFile; fileRef = 784B28811E572A88002B7CDB /* FBSDKShareKit.framework */; };
		784B28891E5739F3002B7CDB /* LoginViewController.m in Sources */ = {isa = PBXBuildFile; fileRef = 784B28871E5739F3002B7CDB /* LoginViewController.m */; };
		784B288A1E5739F3002B7CDB /* LoginViewController.xib in Resources */ = {isa = PBXBuildFile; fileRef = 784B28881E5739F3002B7CDB /* LoginViewController.xib */; };
		784B288E1E573DBC002B7CDB /* AlbumsViewController.m in Sources */ = {isa = PBXBuildFile; fileRef = 784B288C1E573DBC002B7CDB /* AlbumsViewController.m */; };
		784B288F1E573DBC002B7CDB /* AlbumsViewController.xib in Resources */ = {isa = PBXBuildFile; fileRef = 784B288D1E573DBC002B7CDB /* AlbumsViewController.xib */; };
		784B28931E5743F3002B7CDB /* AlbumsTableViewCell.m in Sources */ = {isa = PBXBuildFile; fileRef = 784B28911E5743F3002B7CDB /* AlbumsTableViewCell.m */; };
		784B28941E5743F3002B7CDB /* AlbumsTableViewCell.xib in Resources */ = {isa = PBXBuildFile; fileRef = 784B28921E5743F3002B7CDB /* AlbumsTableViewCell.xib */; };
		784B28981E574FD5002B7CDB /* PhotosViewController.m in Sources */ = {isa = PBXBuildFile; fileRef = 784B28961E574FD5002B7CDB /* PhotosViewController.m */; };
		784B28991E574FD5002B7CDB /* PhotosViewController.xib in Resources */ = {isa = PBXBuildFile; fileRef = 784B28971E574FD5002B7CDB /* PhotosViewController.xib */; };
		784B289D1E575643002B7CDB /* PhotosTableViewCell.m in Sources */ = {isa = PBXBuildFile; fileRef = 784B289B1E575643002B7CDB /* PhotosTableViewCell.m */; };
		784B289E1E575643002B7CDB /* PhotosTableViewCell.xib in Resources */ = {isa = PBXBuildFile; fileRef = 784B289C1E575643002B7CDB /* PhotosTableViewCell.xib */; };
		784B28A21E575FCF002B7CDB /* PhotoViewController.m in Sources */ = {isa = PBXBuildFile; fileRef = 784B28A01E575FCF002B7CDB /* PhotoViewController.m */; };
		784B28A31E575FCF002B7CDB /* PhotoViewController.xib in Resources */ = {isa = PBXBuildFile; fileRef = 784B28A11E575FCF002B7CDB /* PhotoViewController.xib */; };
		7873F0001E5FF2F100AD4EDF /* MapKit.framework in Frameworks */ = {isa = PBXBuildFile; fileRef = 7873EFFF1E5FF2F100AD4EDF /* MapKit.framework */; };
		78ED2E0C1E5CC91700AB096B /* podfile in Resources */ = {isa = PBXBuildFile; fileRef = 78ED2E0B1E5CC91700AB096B /* podfile */; };
/* End PBXBuildFile section */

/* Begin PBXContainerItemProxy section */
		78434FE21E55FDE300B5B355 /* PBXContainerItemProxy */ = {
			isa = PBXContainerItemProxy;
			containerPortal = 78434FBD1E55FDE300B5B355 /* Project object */;
			proxyType = 1;
			remoteGlobalIDString = 78434FC41E55FDE300B5B355;
			remoteInfo = FacebookClient;
		};
		78434FED1E55FDE400B5B355 /* PBXContainerItemProxy */ = {
			isa = PBXContainerItemProxy;
			containerPortal = 78434FBD1E55FDE300B5B355 /* Project object */;
			proxyType = 1;
			remoteGlobalIDString = 78434FC41E55FDE300B5B355;
			remoteInfo = FacebookClient;
		};
/* End PBXContainerItemProxy section */

/* Begin PBXFileReference section */
		78434FC51E55FDE300B5B355 /* FacebookClient.app */ = {isa = PBXFileReference; explicitFileType = wrapper.application; includeInIndex = 0; path = FacebookClient.app; sourceTree = BUILT_PRODUCTS_DIR; };
		78434FC91E55FDE300B5B355 /* main.m */ = {isa = PBXFileReference; lastKnownFileType = sourcecode.c.objc; path = main.m; sourceTree = "<group>"; };
		78434FCB1E55FDE300B5B355 /* AppDelegate.h */ = {isa = PBXFileReference; lastKnownFileType = sourcecode.c.h; path = AppDelegate.h; sourceTree = "<group>"; };
		78434FCC1E55FDE300B5B355 /* AppDelegate.m */ = {isa = PBXFileReference; lastKnownFileType = sourcecode.c.objc; path = AppDelegate.m; sourceTree = "<group>"; };
		78434FD51E55FDE300B5B355 /* FacebookClient.xcdatamodel */ = {isa = PBXFileReference; lastKnownFileType = wrapper.xcdatamodel; path = FacebookClient.xcdatamodel; sourceTree = "<group>"; };
		78434FD71E55FDE300B5B355 /* Assets.xcassets */ = {isa = PBXFileReference; lastKnownFileType = folder.assetcatalog; path = Assets.xcassets; sourceTree = "<group>"; };
		78434FDC1E55FDE300B5B355 /* Info.plist */ = {isa = PBXFileReference; lastKnownFileType = text.plist.xml; path = Info.plist; sourceTree = "<group>"; };
		78434FE11E55FDE300B5B355 /* FacebookClientTests.xctest */ = {isa = PBXFileReference; explicitFileType = wrapper.cfbundle; includeInIndex = 0; path = FacebookClientTests.xctest; sourceTree = BUILT_PRODUCTS_DIR; };
		78434FE51E55FDE300B5B355 /* FacebookClientTests.m */ = {isa = PBXFileReference; lastKnownFileType = sourcecode.c.objc; path = FacebookClientTests.m; sourceTree = "<group>"; };
		78434FE71E55FDE300B5B355 /* Info.plist */ = {isa = PBXFileReference; lastKnownFileType = text.plist.xml; path = Info.plist; sourceTree = "<group>"; };
		78434FEC1E55FDE400B5B355 /* FacebookClientUITests.xctest */ = {isa = PBXFileReference; explicitFileType = wrapper.cfbundle; includeInIndex = 0; path = FacebookClientUITests.xctest; sourceTree = BUILT_PRODUCTS_DIR; };
		78434FF01E55FDE400B5B355 /* FacebookClientUITests.m */ = {isa = PBXFileReference; lastKnownFileType = sourcecode.c.objc; path = FacebookClientUITests.m; sourceTree = "<group>"; };
		78434FF21E55FDE400B5B355 /* Info.plist */ = {isa = PBXFileReference; lastKnownFileType = text.plist.xml; path = Info.plist; sourceTree = "<group>"; };
		78456FD01E58F78E00B2C9C6 /* MapViewController.h */ = {isa = PBXFileReference; fileEncoding = 4; lastKnownFileType = sourcecode.c.h; path = MapViewController.h; sourceTree = "<group>"; };
		78456FD11E58F78E00B2C9C6 /* MapViewController.m */ = {isa = PBXFileReference; fileEncoding = 4; lastKnownFileType = sourcecode.c.objc; path = MapViewController.m; sourceTree = "<group>"; };
		78456FD21E58F78E00B2C9C6 /* MapViewController.xib */ = {isa = PBXFileReference; fileEncoding = 4; lastKnownFileType = file.xib; path = MapViewController.xib; sourceTree = "<group>"; };
		784B287B1E57198D002B7CDB /* FacebookFrameworks */ = {isa = PBXFileReference; lastKnownFileType = folder; path = FacebookFrameworks; sourceTree = "<group>"; };
		784B287F1E572A88002B7CDB /* FBSDKCoreKit.framework */ = {isa = PBXFileReference; lastKnownFileType = wrapper.framework; name = FBSDKCoreKit.framework; path = FacebookFrameworks/FBSDKCoreKit.framework; sourceTree = "<group>"; };
		784B28801E572A88002B7CDB /* FBSDKLoginKit.framework */ = {isa = PBXFileReference; lastKnownFileType = wrapper.framework; name = FBSDKLoginKit.framework; path = FacebookFrameworks/FBSDKLoginKit.framework; sourceTree = "<group>"; };
		784B28811E572A88002B7CDB /* FBSDKShareKit.framework */ = {isa = PBXFileReference; lastKnownFileType = wrapper.framework; name = FBSDKShareKit.framework; path = FacebookFrameworks/FBSDKShareKit.framework; sourceTree = "<group>"; };
		784B28861E5739F3002B7CDB /* LoginViewController.h */ = {isa = PBXFileReference; fileEncoding = 4; lastKnownFileType = sourcecode.c.h; path = LoginViewController.h; sourceTree = "<group>"; };
		784B28871E5739F3002B7CDB /* LoginViewController.m */ = {isa = PBXFileReference; fileEncoding = 4; lastKnownFileType = sourcecode.c.objc; path = LoginViewController.m; sourceTree = "<group>"; };
		784B28881E5739F3002B7CDB /* LoginViewController.xib */ = {isa = PBXFileReference; fileEncoding = 4; lastKnownFileType = file.xib; path = LoginViewController.xib; sourceTree = "<group>"; };
		784B288B1E573DBC002B7CDB /* AlbumsViewController.h */ = {isa = PBXFileReference; fileEncoding = 4; lastKnownFileType = sourcecode.c.h; path = AlbumsViewController.h; sourceTree = "<group>"; };
		784B288C1E573DBC002B7CDB /* AlbumsViewController.m */ = {isa = PBXFileReference; fileEncoding = 4; lastKnownFileType = sourcecode.c.objc; path = AlbumsViewController.m; sourceTree = "<group>"; };
		784B288D1E573DBC002B7CDB /* AlbumsViewController.xib */ = {isa = PBXFileReference; fileEncoding = 4; lastKnownFileType = file.xib; path = AlbumsViewController.xib; sourceTree = "<group>"; };
		784B28901E5743F3002B7CDB /* AlbumsTableViewCell.h */ = {isa = PBXFileReference; fileEncoding = 4; lastKnownFileType = sourcecode.c.h; path = AlbumsTableViewCell.h; sourceTree = "<group>"; };
		784B28911E5743F3002B7CDB /* AlbumsTableViewCell.m */ = {isa = PBXFileReference; fileEncoding = 4; lastKnownFileType = sourcecode.c.objc; path = AlbumsTableViewCell.m; sourceTree = "<group>"; };
		784B28921E5743F3002B7CDB /* AlbumsTableViewCell.xib */ = {isa = PBXFileReference; fileEncoding = 4; lastKnownFileType = file.xib; path = AlbumsTableViewCell.xib; sourceTree = "<group>"; };
		784B28951E574FD5002B7CDB /* PhotosViewController.h */ = {isa = PBXFileReference; fileEncoding = 4; lastKnownFileType = sourcecode.c.h; path = PhotosViewController.h; sourceTree = "<group>"; };
		784B28961E574FD5002B7CDB /* PhotosViewController.m */ = {isa = PBXFileReference; fileEncoding = 4; lastKnownFileType = sourcecode.c.objc; path = PhotosViewController.m; sourceTree = "<group>"; };
		784B28971E574FD5002B7CDB /* PhotosViewController.xib */ = {isa = PBXFileReference; fileEncoding = 4; lastKnownFileType = file.xib; path = PhotosViewController.xib; sourceTree = "<group>"; };
		784B289A1E575643002B7CDB /* PhotosTableViewCell.h */ = {isa = PBXFileReference; fileEncoding = 4; lastKnownFileType = sourcecode.c.h; path = PhotosTableViewCell.h; sourceTree = "<group>"; };
		784B289B1E575643002B7CDB /* PhotosTableViewCell.m */ = {isa = PBXFileReference; fileEncoding = 4; lastKnownFileType = sourcecode.c.objc; path = PhotosTableViewCell.m; sourceTree = "<group>"; };
		784B289C1E575643002B7CDB /* PhotosTableViewCell.xib */ = {isa = PBXFileReference; fileEncoding = 4; lastKnownFileType = file.xib; path = PhotosTableViewCell.xib; sourceTree = "<group>"; };
		784B289F1E575FCF002B7CDB /* PhotoViewController.h */ = {isa = PBXFileReference; fileEncoding = 4; lastKnownFileType = sourcecode.c.h; path = PhotoViewController.h; sourceTree = "<group>"; };
		784B28A01E575FCF002B7CDB /* PhotoViewController.m */ = {isa = PBXFileReference; fileEncoding = 4; lastKnownFileType = sourcecode.c.objc; path = PhotoViewController.m; sourceTree = "<group>"; };
		784B28A11E575FCF002B7CDB /* PhotoViewController.xib */ = {isa = PBXFileReference; fileEncoding = 4; lastKnownFileType = file.xib; path = PhotoViewController.xib; sourceTree = "<group>"; };
		7873EFF61E5FF07F00AD4EDF /* GoogleMapsBase.framework */ = {isa = PBXFileReference; lastKnownFileType = wrapper.framework; name = GoogleMapsBase.framework; path = FacebookFrameworks/GoogleMapsBase.framework; sourceTree = "<group>"; };
		7873EFF81E5FF20B00AD4EDF /* Bolts.framework */ = {isa = PBXFileReference; lastKnownFileType = wrapper.framework; name = Bolts.framework; path = FacebookFrameworks/Bolts.framework; sourceTree = "<group>"; };
		7873EFFD1E5FF2BA00AD4EDF /* AVFoundation.framework */ = {isa = PBXFileReference; lastKnownFileType = wrapper.framework; name = AVFoundation.framework; path = System/Library/Frameworks/AVFoundation.framework; sourceTree = SDKROOT; };
		7873EFFF1E5FF2F100AD4EDF /* MapKit.framework */ = {isa = PBXFileReference; lastKnownFileType = wrapper.framework; name = MapKit.framework; path = System/Library/Frameworks/MapKit.framework; sourceTree = SDKROOT; };
		78ED2E0B1E5CC91700AB096B /* podfile */ = {isa = PBXFileReference; fileEncoding = 4; lastKnownFileType = text; path = podfile; sourceTree = "<group>"; };
/* End PBXFileReference section */

/* Begin PBXFrameworksBuildPhase section */
		78434FC21E55FDE300B5B355 /* Frameworks */ = {
			isa = PBXFrameworksBuildPhase;
			buildActionMask = 2147483647;
			files = (
				784B28831E572A88002B7CDB /* FBSDKCoreKit.framework in Frameworks */,
				7873F0001E5FF2F100AD4EDF /* MapKit.framework in Frameworks */,
				784B28841E572A88002B7CDB /* FBSDKLoginKit.framework in Frameworks */,
				784B28851E572A88002B7CDB /* FBSDKShareKit.framework in Frameworks */,
			);
			runOnlyForDeploymentPostprocessing = 0;
		};
		78434FDE1E55FDE300B5B355 /* Frameworks */ = {
			isa = PBXFrameworksBuildPhase;
			buildActionMask = 2147483647;
			files = (
			);
			runOnlyForDeploymentPostprocessing = 0;
		};
		78434FE91E55FDE400B5B355 /* Frameworks */ = {
			isa = PBXFrameworksBuildPhase;
			buildActionMask = 2147483647;
			files = (
			);
			runOnlyForDeploymentPostprocessing = 0;
		};
/* End PBXFrameworksBuildPhase section */

/* Begin PBXGroup section */
		78434FBC1E55FDE300B5B355 = {
			isa = PBXGroup;
			children = (
				78ED2E0B1E5CC91700AB096B /* podfile */,
				784B287B1E57198D002B7CDB /* FacebookFrameworks */,
				78434FC71E55FDE300B5B355 /* FacebookClient */,
				78434FE41E55FDE300B5B355 /* FacebookClientTests */,
				78434FEF1E55FDE400B5B355 /* FacebookClientUITests */,
				78434FC61E55FDE300B5B355 /* Products */,
				784B287D1E572A88002B7CDB /* Frameworks */,
			);
			sourceTree = "<group>";
		};
		78434FC61E55FDE300B5B355 /* Products */ = {
			isa = PBXGroup;
			children = (
				78434FC51E55FDE300B5B355 /* FacebookClient.app */,
				78434FE11E55FDE300B5B355 /* FacebookClientTests.xctest */,
				78434FEC1E55FDE400B5B355 /* FacebookClientUITests.xctest */,
			);
			name = Products;
			sourceTree = "<group>";
		};
		78434FC71E55FDE300B5B355 /* FacebookClient */ = {
			isa = PBXGroup;
			children = (
				784B28901E5743F3002B7CDB /* AlbumsTableViewCell.h */,
				784B28911E5743F3002B7CDB /* AlbumsTableViewCell.m */,
				784B28921E5743F3002B7CDB /* AlbumsTableViewCell.xib */,
				784B288B1E573DBC002B7CDB /* AlbumsViewController.h */,
				784B288C1E573DBC002B7CDB /* AlbumsViewController.m */,
				784B288D1E573DBC002B7CDB /* AlbumsViewController.xib */,
				78434FCB1E55FDE300B5B355 /* AppDelegate.h */,
				78434FCC1E55FDE300B5B355 /* AppDelegate.m */,
				78434FD71E55FDE300B5B355 /* Assets.xcassets */,
				78434FD41E55FDE300B5B355 /* FacebookClient.xcdatamodeld */,
				78434FDC1E55FDE300B5B355 /* Info.plist */,
				784B28861E5739F3002B7CDB /* LoginViewController.h */,
				784B28871E5739F3002B7CDB /* LoginViewController.m */,
				784B28881E5739F3002B7CDB /* LoginViewController.xib */,
				78456FD01E58F78E00B2C9C6 /* MapViewController.h */,
				78456FD11E58F78E00B2C9C6 /* MapViewController.m */,
				78456FD21E58F78E00B2C9C6 /* MapViewController.xib */,
				784B289A1E575643002B7CDB /* PhotosTableViewCell.h */,
				784B289B1E575643002B7CDB /* PhotosTableViewCell.m */,
				784B289C1E575643002B7CDB /* PhotosTableViewCell.xib */,
				784B28951E574FD5002B7CDB /* PhotosViewController.h */,
				784B28961E574FD5002B7CDB /* PhotosViewController.m */,
				784B28971E574FD5002B7CDB /* PhotosViewController.xib */,
				784B289F1E575FCF002B7CDB /* PhotoViewController.h */,
				784B28A01E575FCF002B7CDB /* PhotoViewController.m */,
				784B28A11E575FCF002B7CDB /* PhotoViewController.xib */,
				78434FC81E55FDE300B5B355 /* Supporting Files */,
			);
			path = FacebookClient;
			sourceTree = "<group>";
		};
		78434FC81E55FDE300B5B355 /* Supporting Files */ = {
			isa = PBXGroup;
			children = (
				78434FC91E55FDE300B5B355 /* main.m */,
			);
			name = "Supporting Files";
			sourceTree = "<group>";
		};
		78434FE41E55FDE300B5B355 /* FacebookClientTests */ = {
			isa = PBXGroup;
			children = (
				78434FE51E55FDE300B5B355 /* FacebookClientTests.m */,
				78434FE71E55FDE300B5B355 /* Info.plist */,
			);
			path = FacebookClientTests;
			sourceTree = "<group>";
		};
		78434FEF1E55FDE400B5B355 /* FacebookClientUITests */ = {
			isa = PBXGroup;
			children = (
				78434FF01E55FDE400B5B355 /* FacebookClientUITests.m */,
				78434FF21E55FDE400B5B355 /* Info.plist */,
			);
			path = FacebookClientUITests;
			sourceTree = "<group>";
		};
		784B287D1E572A88002B7CDB /* Frameworks */ = {
			isa = PBXGroup;
			children = (
				7873EFFF1E5FF2F100AD4EDF /* MapKit.framework */,
				7873EFFD1E5FF2BA00AD4EDF /* AVFoundation.framework */,
				7873EFF81E5FF20B00AD4EDF /* Bolts.framework */,
				7873EFF61E5FF07F00AD4EDF /* GoogleMapsBase.framework */,
				784B287F1E572A88002B7CDB /* FBSDKCoreKit.framework */,
				784B28801E572A88002B7CDB /* FBSDKLoginKit.framework */,
				784B28811E572A88002B7CDB /* FBSDKShareKit.framework */,
			);
			name = Frameworks;
			sourceTree = "<group>";
		};
/* End PBXGroup section */

/* Begin PBXNativeTarget section */
		78434FC41E55FDE300B5B355 /* FacebookClient */ = {
			isa = PBXNativeTarget;
			buildConfigurationList = 78434FF51E55FDE400B5B355 /* Build configuration list for PBXNativeTarget "FacebookClient" */;
			buildPhases = (
				78434FC11E55FDE300B5B355 /* Sources */,
				78434FC21E55FDE300B5B355 /* Frameworks */,
				78434FC31E55FDE300B5B355 /* Resources */,
			);
			buildRules = (
			);
			dependencies = (
			);
			name = FacebookClient;
			productName = FacebookClient;
			productReference = 78434FC51E55FDE300B5B355 /* FacebookClient.app */;
			productType = "com.apple.product-type.application";
		};
		78434FE01E55FDE300B5B355 /* FacebookClientTests */ = {
			isa = PBXNativeTarget;
			buildConfigurationList = 78434FF81E55FDE400B5B355 /* Build configuration list for PBXNativeTarget "FacebookClientTests" */;
			buildPhases = (
				78434FDD1E55FDE300B5B355 /* Sources */,
				78434FDE1E55FDE300B5B355 /* Frameworks */,
				78434FDF1E55FDE300B5B355 /* Resources */,
			);
			buildRules = (
			);
			dependencies = (
				78434FE31E55FDE300B5B355 /* PBXTargetDependency */,
			);
			name = FacebookClientTests;
			productName = FacebookClientTests;
			productReference = 78434FE11E55FDE300B5B355 /* FacebookClientTests.xctest */;
			productType = "com.apple.product-type.bundle.unit-test";
		};
		78434FEB1E55FDE400B5B355 /* FacebookClientUITests */ = {
			isa = PBXNativeTarget;
			buildConfigurationList = 78434FFB1E55FDE400B5B355 /* Build configuration list for PBXNativeTarget "FacebookClientUITests" */;
			buildPhases = (
				78434FE81E55FDE400B5B355 /* Sources */,
				78434FE91E55FDE400B5B355 /* Frameworks */,
				78434FEA1E55FDE400B5B355 /* Resources */,
			);
			buildRules = (
			);
			dependencies = (
				78434FEE1E55FDE400B5B355 /* PBXTargetDependency */,
			);
			name = FacebookClientUITests;
			productName = FacebookClientUITests;
			productReference = 78434FEC1E55FDE400B5B355 /* FacebookClientUITests.xctest */;
			productType = "com.apple.product-type.bundle.ui-testing";
		};
/* End PBXNativeTarget section */

/* Begin PBXProject section */
		78434FBD1E55FDE300B5B355 /* Project object */ = {
			isa = PBXProject;
			attributes = {
				LastUpgradeCheck = 0820;
				ORGANIZATIONNAME = Igor;
				TargetAttributes = {
					78434FC41E55FDE300B5B355 = {
						CreatedOnToolsVersion = 8.2.1;
						DevelopmentTeam = U5PJN58KSH;
						ProvisioningStyle = Automatic;
						SystemCapabilities = {
							com.apple.Maps.iOS = {
								enabled = 0;
							};
						};
					};
					78434FE01E55FDE300B5B355 = {
						CreatedOnToolsVersion = 8.2.1;
						DevelopmentTeam = U5PJN58KSH;
						ProvisioningStyle = Automatic;
						TestTargetID = 78434FC41E55FDE300B5B355;
					};
					78434FEB1E55FDE400B5B355 = {
						CreatedOnToolsVersion = 8.2.1;
						DevelopmentTeam = U5PJN58KSH;
						ProvisioningStyle = Automatic;
						TestTargetID = 78434FC41E55FDE300B5B355;
					};
				};
			};
			buildConfigurationList = 78434FC01E55FDE300B5B355 /* Build configuration list for PBXProject "FacebookClient" */;
			compatibilityVersion = "Xcode 3.2";
			developmentRegion = English;
			hasScannedForEncodings = 0;
			knownRegions = (
				en,
				Base,
			);
			mainGroup = 78434FBC1E55FDE300B5B355;
			productRefGroup = 78434FC61E55FDE300B5B355 /* Products */;
			projectDirPath = "";
			projectRoot = "";
			targets = (
				78434FC41E55FDE300B5B355 /* FacebookClient */,
				78434FE01E55FDE300B5B355 /* FacebookClientTests */,
				78434FEB1E55FDE400B5B355 /* FacebookClientUITests */,
			);
		};
/* End PBXProject section */

/* Begin PBXResourcesBuildPhase section */
		78434FC31E55FDE300B5B355 /* Resources */ = {
			isa = PBXResourcesBuildPhase;
			buildActionMask = 2147483647;
			files = (
				784B288A1E5739F3002B7CDB /* LoginViewController.xib in Resources */,
				784B28A31E575FCF002B7CDB /* PhotoViewController.xib in Resources */,
				78ED2E0C1E5CC91700AB096B /* podfile in Resources */,
				784B28941E5743F3002B7CDB /* AlbumsTableViewCell.xib in Resources */,
				784B287C1E57198D002B7CDB /* FacebookFrameworks in Resources */,
				78456FD41E58F78E00B2C9C6 /* MapViewController.xib in Resources */,
				784B28991E574FD5002B7CDB /* PhotosViewController.xib in Resources */,
				78434FD81E55FDE300B5B355 /* Assets.xcassets in Resources */,
				784B288F1E573DBC002B7CDB /* AlbumsViewController.xib in Resources */,
				784B289E1E575643002B7CDB /* PhotosTableViewCell.xib in Resources */,
			);
			runOnlyForDeploymentPostprocessing = 0;
		};
		78434FDF1E55FDE300B5B355 /* Resources */ = {
			isa = PBXResourcesBuildPhase;
			buildActionMask = 2147483647;
			files = (
			);
			runOnlyForDeploymentPostprocessing = 0;
		};
		78434FEA1E55FDE400B5B355 /* Resources */ = {
			isa = PBXResourcesBuildPhase;
			buildActionMask = 2147483647;
			files = (
			);
			runOnlyForDeploymentPostprocessing = 0;
		};
/* End PBXResourcesBuildPhase section */

/* Begin PBXSourcesBuildPhase section */
		78434FC11E55FDE300B5B355 /* Sources */ = {
			isa = PBXSourcesBuildPhase;
			buildActionMask = 2147483647;
			files = (
				784B289D1E575643002B7CDB /* PhotosTableViewCell.m in Sources */,
				784B28891E5739F3002B7CDB /* LoginViewController.m in Sources */,
				784B28931E5743F3002B7CDB /* AlbumsTableViewCell.m in Sources */,
				78434FD61E55FDE300B5B355 /* FacebookClient.xcdatamodeld in Sources */,
				784B28981E574FD5002B7CDB /* PhotosViewController.m in Sources */,
				78434FCD1E55FDE300B5B355 /* AppDelegate.m in Sources */,
				784B28A21E575FCF002B7CDB /* PhotoViewController.m in Sources */,
				78456FD31E58F78E00B2C9C6 /* MapViewController.m in Sources */,
				78434FCA1E55FDE300B5B355 /* main.m in Sources */,
				784B288E1E573DBC002B7CDB /* AlbumsViewController.m in Sources */,
			);
			runOnlyForDeploymentPostprocessing = 0;
		};
		78434FDD1E55FDE300B5B355 /* Sources */ = {
			isa = PBXSourcesBuildPhase;
			buildActionMask = 2147483647;
			files = (
				78434FE61E55FDE300B5B355 /* FacebookClientTests.m in Sources */,
			);
			runOnlyForDeploymentPostprocessing = 0;
		};
		78434FE81E55FDE400B5B355 /* Sources */ = {
			isa = PBXSourcesBuildPhase;
			buildActionMask = 2147483647;
			files = (
				78434FF11E55FDE400B5B355 /* FacebookClientUITests.m in Sources */,
			);
			runOnlyForDeploymentPostprocessing = 0;
		};
/* End PBXSourcesBuildPhase section */

/* Begin PBXTargetDependency section */
		78434FE31E55FDE300B5B355 /* PBXTargetDependency */ = {
			isa = PBXTargetDependency;
			target = 78434FC41E55FDE300B5B355 /* FacebookClient */;
			targetProxy = 78434FE21E55FDE300B5B355 /* PBXContainerItemProxy */;
		};
		78434FEE1E55FDE400B5B355 /* PBXTargetDependency */ = {
			isa = PBXTargetDependency;
			target = 78434FC41E55FDE300B5B355 /* FacebookClient */;
			targetProxy = 78434FED1E55FDE400B5B355 /* PBXContainerItemProxy */;
		};
/* End PBXTargetDependency section */

/* Begin XCBuildConfiguration section */
		78434FF31E55FDE400B5B355 /* Debug */ = {
			isa = XCBuildConfiguration;
			buildSettings = {
				ALWAYS_SEARCH_USER_PATHS = NO;
				CLANG_ANALYZER_NONNULL = YES;
				CLANG_CXX_LANGUAGE_STANDARD = "gnu++0x";
				CLANG_CXX_LIBRARY = "libc++";
				CLANG_ENABLE_MODULES = YES;
				CLANG_ENABLE_OBJC_ARC = YES;
				CLANG_WARN_BOOL_CONVERSION = YES;
				CLANG_WARN_CONSTANT_CONVERSION = YES;
				CLANG_WARN_DIRECT_OBJC_ISA_USAGE = YES_ERROR;
				CLANG_WARN_DOCUMENTATION_COMMENTS = YES;
				CLANG_WARN_EMPTY_BODY = YES;
				CLANG_WARN_ENUM_CONVERSION = YES;
				CLANG_WARN_INFINITE_RECURSION = YES;
				CLANG_WARN_INT_CONVERSION = YES;
				CLANG_WARN_OBJC_ROOT_CLASS = YES_ERROR;
				CLANG_WARN_SUSPICIOUS_MOVE = YES;
				CLANG_WARN_UNREACHABLE_CODE = YES;
				CLANG_WARN__DUPLICATE_METHOD_MATCH = YES;
				"CODE_SIGN_IDENTITY[sdk=iphoneos*]" = "iPhone Developer";
				COPY_PHASE_STRIP = NO;
				DEBUG_INFORMATION_FORMAT = dwarf;
				ENABLE_STRICT_OBJC_MSGSEND = YES;
				ENABLE_TESTABILITY = YES;
				GCC_C_LANGUAGE_STANDARD = gnu99;
				GCC_DYNAMIC_NO_PIC = NO;
				GCC_NO_COMMON_BLOCKS = YES;
				GCC_OPTIMIZATION_LEVEL = 0;
				GCC_PREPROCESSOR_DEFINITIONS = (
					"DEBUG=1",
					"$(inherited)",
				);
				GCC_WARN_64_TO_32_BIT_CONVERSION = YES;
				GCC_WARN_ABOUT_RETURN_TYPE = YES_ERROR;
				GCC_WARN_UNDECLARED_SELECTOR = YES;
				GCC_WARN_UNINITIALIZED_AUTOS = YES_AGGRESSIVE;
				GCC_WARN_UNUSED_FUNCTION = YES;
				GCC_WARN_UNUSED_VARIABLE = YES;
				IPHONEOS_DEPLOYMENT_TARGET = 10.2;
				MTL_ENABLE_DEBUG_INFO = YES;
				ONLY_ACTIVE_ARCH = YES;
				SDKROOT = iphoneos;
				TARGETED_DEVICE_FAMILY = "1,2";
			};
			name = Debug;
		};
		78434FF41E55FDE400B5B355 /* Release */ = {
			isa = XCBuildConfiguration;
			buildSettings = {
				ALWAYS_SEARCH_USER_PATHS = NO;
				CLANG_ANALYZER_NONNULL = YES;
				CLANG_CXX_LANGUAGE_STANDARD = "gnu++0x";
				CLANG_CXX_LIBRARY = "libc++";
				CLANG_ENABLE_MODULES = YES;
				CLANG_ENABLE_OBJC_ARC = YES;
				CLANG_WARN_BOOL_CONVERSION = YES;
				CLANG_WARN_CONSTANT_CONVERSION = YES;
				CLANG_WARN_DIRECT_OBJC_ISA_USAGE = YES_ERROR;
				CLANG_WARN_DOCUMENTATION_COMMENTS = YES;
				CLANG_WARN_EMPTY_BODY = YES;
				CLANG_WARN_ENUM_CONVERSION = YES;
				CLANG_WARN_INFINITE_RECURSION = YES;
				CLANG_WARN_INT_CONVERSION = YES;
				CLANG_WARN_OBJC_ROOT_CLASS = YES_ERROR;
				CLANG_WARN_SUSPICIOUS_MOVE = YES;
				CLANG_WARN_UNREACHABLE_CODE = YES;
				CLANG_WARN__DUPLICATE_METHOD_MATCH = YES;
				"CODE_SIGN_IDENTITY[sdk=iphoneos*]" = "iPhone Developer";
				COPY_PHASE_STRIP = NO;
				DEBUG_INFORMATION_FORMAT = "dwarf-with-dsym";
				ENABLE_NS_ASSERTIONS = NO;
				ENABLE_STRICT_OBJC_MSGSEND = YES;
				GCC_C_LANGUAGE_STANDARD = gnu99;
				GCC_NO_COMMON_BLOCKS = YES;
				GCC_WARN_64_TO_32_BIT_CONVERSION = YES;
				GCC_WARN_ABOUT_RETURN_TYPE = YES_ERROR;
				GCC_WARN_UNDECLARED_SELECTOR = YES;
				GCC_WARN_UNINITIALIZED_AUTOS = YES_AGGRESSIVE;
				GCC_WARN_UNUSED_FUNCTION = YES;
				GCC_WARN_UNUSED_VARIABLE = YES;
				IPHONEOS_DEPLOYMENT_TARGET = 10.2;
				MTL_ENABLE_DEBUG_INFO = NO;
				SDKROOT = iphoneos;
				TARGETED_DEVICE_FAMILY = "1,2";
				VALIDATE_PRODUCT = YES;
			};
			name = Release;
		};
		78434FF61E55FDE400B5B355 /* Debug */ = {
			isa = XCBuildConfiguration;
			buildSettings = {
				ASSETCATALOG_COMPILER_APPICON_NAME = AppIcon;
				DEVELOPMENT_TEAM = U5PJN58KSH;
				FRAMEWORK_SEARCH_PATHS = (
					"$(inherited)",
					"$(PROJECT_DIR)/FacebookFrameworks",
				);
				INFOPLIST_FILE = FacebookClient/Info.plist;
				IPHONEOS_DEPLOYMENT_TARGET = 8.0;
				LD_RUNPATH_SEARCH_PATHS = "$(inherited) @executable_path/Frameworks";
				PRODUCT_BUNDLE_IDENTIFIER = com.Igor.FacebookClient;
				PRODUCT_NAME = "$(TARGET_NAME)";
			};
			name = Debug;
		};
		78434FF71E55FDE400B5B355 /* Release */ = {
			isa = XCBuildConfiguration;
			buildSettings = {
				ASSETCATALOG_COMPILER_APPICON_NAME = AppIcon;
				DEVELOPMENT_TEAM = U5PJN58KSH;
				FRAMEWORK_SEARCH_PATHS = (
					"$(inherited)",
					"$(PROJECT_DIR)/FacebookFrameworks",
				);
				INFOPLIST_FILE = FacebookClient/Info.plist;
				IPHONEOS_DEPLOYMENT_TARGET = 8.0;
				LD_RUNPATH_SEARCH_PATHS = "$(inherited) @executable_path/Frameworks";
				PRODUCT_BUNDLE_IDENTIFIER = com.Igor.FacebookClient;
				PRODUCT_NAME = "$(TARGET_NAME)";
			};
			name = Release;
		};
		78434FF91E55FDE400B5B355 /* Debug */ = {
			isa = XCBuildConfiguration;
			buildSettings = {
				BUNDLE_LOADER = "$(TEST_HOST)";
				DEVELOPMENT_TEAM = U5PJN58KSH;
				INFOPLIST_FILE = FacebookClientTests/Info.plist;
				LD_RUNPATH_SEARCH_PATHS = "$(inherited) @executable_path/Frameworks @loader_path/Frameworks";
				PRODUCT_BUNDLE_IDENTIFIER = com.Igor.FacebookClientTests;
				PRODUCT_NAME = "$(TARGET_NAME)";
				TEST_HOST = "$(BUILT_PRODUCTS_DIR)/FacebookClient.app/FacebookClient";
			};
			name = Debug;
		};
		78434FFA1E55FDE400B5B355 /* Release */ = {
			isa = XCBuildConfiguration;
			buildSettings = {
				BUNDLE_LOADER = "$(TEST_HOST)";
				DEVELOPMENT_TEAM = U5PJN58KSH;
				INFOPLIST_FILE = FacebookClientTests/Info.plist;
				LD_RUNPATH_SEARCH_PATHS = "$(inherited) @executable_path/Frameworks @loader_path/Frameworks";
				PRODUCT_BUNDLE_IDENTIFIER = com.Igor.FacebookClientTests;
				PRODUCT_NAME = "$(TARGET_NAME)";
				TEST_HOST = "$(BUILT_PRODUCTS_DIR)/FacebookClient.app/FacebookClient";
			};
			name = Release;
		};
		78434FFC1E55FDE400B5B355 /* Debug */ = {
			isa = XCBuildConfiguration;
			buildSettings = {
				DEVELOPMENT_TEAM = U5PJN58KSH;
				INFOPLIST_FILE = FacebookClientUITests/Info.plist;
				LD_RUNPATH_SEARCH_PATHS = "$(inherited) @executable_path/Frameworks @loader_path/Frameworks";
				PRODUCT_BUNDLE_IDENTIFIER = com.Igor.FacebookClientUITests;
				PRODUCT_NAME = "$(TARGET_NAME)";
				TEST_TARGET_NAME = FacebookClient;
			};
			name = Debug;
		};
		78434FFD1E55FDE400B5B355 /* Release */ = {
			isa = XCBuildConfiguration;
			buildSettings = {
				DEVELOPMENT_TEAM = U5PJN58KSH;
				INFOPLIST_FILE = FacebookClientUITests/Info.plist;
				LD_RUNPATH_SEARCH_PATHS = "$(inherited) @executable_path/Frameworks @loader_path/Frameworks";
				PRODUCT_BUNDLE_IDENTIFIER = com.Igor.FacebookClientUITests;
				PRODUCT_NAME = "$(TARGET_NAME)";
				TEST_TARGET_NAME = FacebookClient;
			};
			name = Release;
		};
/* End XCBuildConfiguration section */

/* Begin XCConfigurationList section */
		78434FC01E55FDE300B5B355 /* Build configuration list for PBXProject "FacebookClient" */ = {
			isa = XCConfigurationList;
			buildConfigurations = (
				78434FF31E55FDE400B5B355 /* Debug */,
				78434FF41E55FDE400B5B355 /* Release */,
			);
			defaultConfigurationIsVisible = 0;
			defaultConfigurationName = Release;
		};
		78434FF51E55FDE400B5B355 /* Build configuration list for PBXNativeTarget "FacebookClient" */ = {
			isa = XCConfigurationList;
			buildConfigurations = (
				78434FF61E55FDE400B5B355 /* Debug */,
				78434FF71E55FDE400B5B355 /* Release */,
			);
			defaultConfigurationIsVisible = 0;
			defaultConfigurationName = Release;
		};
		78434FF81E55FDE400B5B355 /* Build configuration list for PBXNativeTarget "FacebookClientTests" */ = {
			isa = XCConfigurationList;
			buildConfigurations = (
				78434FF91E55FDE400B5B355 /* Debug */,
				78434FFA1E55FDE400B5B355 /* Release */,
			);
			defaultConfigurationIsVisible = 0;
			defaultConfigurationName = Release;
		};
		78434FFB1E55FDE400B5B355 /* Build configuration list for PBXNativeTarget "FacebookClientUITests" */ = {
			isa = XCConfigurationList;
			buildConfigurations = (
				78434FFC1E55FDE400B5B355 /* Debug */,
				78434FFD1E55FDE400B5B355 /* Release */,
			);
			defaultConfigurationIsVisible = 0;
			defaultConfigurationName = Release;
		};
/* End XCConfigurationList section */

/* Begin XCVersionGroup section */
		78434FD41E55FDE300B5B355 /* FacebookClient.xcdatamodeld */ = {
			isa = XCVersionGroup;
			children = (
				78434FD51E55FDE300B5B355 /* FacebookClient.xcdatamodel */,
			);
			currentVersion = 78434FD51E55FDE300B5B355 /* FacebookClient.xcdatamodel */;
			path = FacebookClient.xcdatamodeld;
			sourceTree = "<group>";
			versionGroupType = wrapper.xcdatamodel;
		};
/* End XCVersionGroup section */
	};
	rootObject = 78434FBD1E55FDE300B5B355 /* Project object */;
}
